
Microsoft Visual Studio Solution File, Format Version 12.00
Project("{FAE04EC0-301F-11D3-BF4B-00C04F79EFBC}") = "efk-demo", "efk-demo\efk-demo.csproj", "{325263D8-B401-4D95-A459-0CDA4C5E4872}"
EndProject
Project("{FAE04EC0-301F-11D3-BF4B-00C04F79EFBC}") = "efk-mvc-demo", "efk-mvc-demo\efk-mvc-demo.csproj", "{11CEA57D-CFEF-4193-BBC3-C0DFECE5ADA2}"
EndProject
Global
	GlobalSection(SolutionConfigurationPlatforms) = preSolution
		Debug|Any CPU = Debug|Any CPU
		Release|Any CPU = Release|Any CPU
	EndGlobalSection
	GlobalSection(ProjectConfigurationPlatforms) = postSolution
		{325263D8-B401-4D95-A459-0CDA4C5E4872}.Debug|Any CPU.ActiveCfg = Debug|Any CPU
		{325263D8-B401-4D95-A459-0CDA4C5E4872}.Debug|Any CPU.Build.0 = Debug|Any CPU
		{325263D8-B401-4D95-A459-0CDA4C5E4872}.Release|Any CPU.ActiveCfg = Release|Any CPU
		{325263D8-B401-4D95-A459-0CDA4C5E4872}.Release|Any CPU.Build.0 = Release|Any CPU
		{11CEA57D-CFEF-4193-BBC3-C0DFECE5ADA2}.Debug|Any CPU.ActiveCfg = Debug|Any CPU
		{11CEA57D-CFEF-4193-BBC3-C0DFECE5ADA2}.Debug|Any CPU.Build.0 = Debug|Any CPU
		{11CEA57D-CFEF-4193-BBC3-C0DFECE5ADA2}.Release|Any CPU.ActiveCfg = Release|Any CPU
		{11CEA57D-CFEF-4193-BBC3-C0DFECE5ADA2}.Release|Any CPU.Build.0 = Release|Any CPU
	EndGlobalSection
EndGlobal
